
Microsoft Visual Studio Solution File, Format Version 12.00
# Visual Studio 15
VisualStudioVersion = 15.0.27703.2035
MinimumVisualStudioVersion = 10.0.40219.1
Project("{FAE04EC0-301F-11D3-BF4B-00C04F79EFBC}") = "ConsoleApp1", "ConsoleApp1\ConsoleApp1.csproj", "{1B38CDE5-D8C8-4EF7-B8C5-BD2AD00C3594}"
EndProject
Global
	GlobalSection(SolutionConfigurationPlatforms) = preSolution
		Debug|Any CPU = Debug|Any CPU
		Release|Any CPU = Release|Any CPU
	EndGlobalSection
	GlobalSection(ProjectConfigurationPlatforms) = postSolution
		{1B38CDE5-D8C8-4EF7-B8C5-BD2AD00C3594}.Debug|Any CPU.ActiveCfg = Debug|Any CPU
		{1B38CDE5-D8C8-4EF7-B8C5-BD2AD00C3594}.Debug|Any CPU.Build.0 = Debug|Any CPU
		{1B38CDE5-D8C8-4EF7-B8C5-BD2AD00C3594}.Release|Any CPU.ActiveCfg = Release|Any CPU
		{1B38CDE5-D8C8-4EF7-B8C5-BD2AD00C3594}.Release|Any CPU.Build.0 = Release|Any CPU
	EndGlobalSection
	GlobalSection(SolutionProperties) = preSolution
		HideSolutionNode = FALSE
	EndGlobalSection
	GlobalSection(ExtensibilityGlobals) = postSolution
		SolutionGuid = {CFA0E9A9-74B7-4AC3-8704-7A7D9CA50819}
	EndGlobalSection
EndGlobal
